// !$*UTF8*$!
{
	archiveVersion = 1;
	classes = {
	};
	objectVersion = 50;
	objects = {

/* Begin PBXBuildFile section */
		04D12B002483B9870040A95C /* AppDelegate.swift in Sources */ = {isa = PBXBuildFile; fileRef = 04D12AFF2483B9870040A95C /* AppDelegate.swift */; };
		04D12B022483B9870040A95C /* SceneDelegate.swift in Sources */ = {isa = PBXBuildFile; fileRef = 04D12B012483B9870040A95C /* SceneDelegate.swift */; };
		04D12B092483B98D0040A95C /* Assets.xcassets in Resources */ = {isa = PBXBuildFile; fileRef = 04D12B082483B98D0040A95C /* Assets.xcassets */; };
		04D12B0C2483B98D0040A95C /* LaunchScreen.storyboard in Resources */ = {isa = PBXBuildFile; fileRef = 04D12B0A2483B98D0040A95C /* LaunchScreen.storyboard */; };
		04D12B1A2483B9A70040A95C /* MainViewController.swift in Sources */ = {isa = PBXBuildFile; fileRef = 04D12B132483B9A70040A95C /* MainViewController.swift */; };
		04D12B1B2483B9A70040A95C /* InfoViewController.swift in Sources */ = {isa = PBXBuildFile; fileRef = 04D12B142483B9A70040A95C /* InfoViewController.swift */; };
		04D12B1C2483B9A70040A95C /* TabledContentCollectionViewDelegate.swift in Sources */ = {isa = PBXBuildFile; fileRef = 04D12B152483B9A70040A95C /* TabledContentCollectionViewDelegate.swift */; };
		04D12B1D2483B9A70040A95C /* DefaultCollectionViewDelegate.swift in Sources */ = {isa = PBXBuildFile; fileRef = 04D12B162483B9A70040A95C /* DefaultCollectionViewDelegate.swift */; };
		04D12B1E2483B9A70040A95C /* DefaultGriddedContentCollectionViewDelegate.swift in Sources */ = {isa = PBXBuildFile; fileRef = 04D12B172483B9A70040A95C /* DefaultGriddedContentCollectionViewDelegate.swift */; };
		04D12B1F2483B9A70040A95C /* ProfileCollectionViewCell.swift in Sources */ = {isa = PBXBuildFile; fileRef = 04D12B182483B9A70040A95C /* ProfileCollectionViewCell.swift */; };
		04D12B202483B9A70040A95C /* Animator.swift in Sources */ = {isa = PBXBuildFile; fileRef = 04D12B192483B9A70040A95C /* Animator.swift */; };
		04D12B252483B9D80040A95C /* ProfileCollectionViewCell.xib in Resources */ = {isa = PBXBuildFile; fileRef = 04D12B232483B9D80040A95C /* ProfileCollectionViewCell.xib */; };
		04D12B262483B9D80040A95C /* Main.storyboard in Resources */ = {isa = PBXBuildFile; fileRef = 04D12B242483B9D80040A95C /* Main.storyboard */; };
		04D12B2E2483B9FA0040A95C /* NamesData.swift in Sources */ = {isa = PBXBuildFile; fileRef = 04D12B282483B9FA0040A95C /* NamesData.swift */; };
		04D12B2F2483B9FA0040A95C /* Profile.swift in Sources */ = {isa = PBXBuildFile; fileRef = 04D12B292483B9FA0040A95C /* Profile.swift */; };
		04D12B302483B9FA0040A95C /* ProfilesProvider.swift in Sources */ = {isa = PBXBuildFile; fileRef = 04D12B2A2483B9FA0040A95C /* ProfilesProvider.swift */; };
		04D12B312483B9FA0040A95C /* ProfileManager.swift in Sources */ = {isa = PBXBuildFile; fileRef = 04D12B2B2483B9FA0040A95C /* ProfileManager.swift */; };
		04D12B322483B9FA0040A95C /* Extensions.swift in Sources */ = {isa = PBXBuildFile; fileRef = 04D12B2C2483B9FA0040A95C /* Extensions.swift */; };
		04D12B332483B9FA0040A95C /* HashModel.swift in Sources */ = {isa = PBXBuildFile; fileRef = 04D12B2D2483B9FA0040A95C /* HashModel.swift */; };
/* End PBXBuildFile section */

/* Begin PBXFileReference section */
		04D12AFC2483B9870040A95C /* Readdle.app */ = {isa = PBXFileReference; explicitFileType = wrapper.application; includeInIndex = 0; path = Readdle.app; sourceTree = BUILT_PRODUCTS_DIR; };
		04D12AFF2483B9870040A95C /* AppDelegate.swift */ = {isa = PBXFileReference; lastKnownFileType = sourcecode.swift; path = AppDelegate.swift; sourceTree = "<group>"; };
		04D12B012483B9870040A95C /* SceneDelegate.swift */ = {isa = PBXFileReference; lastKnownFileType = sourcecode.swift; path = SceneDelegate.swift; sourceTree = "<group>"; };
		04D12B082483B98D0040A95C /* Assets.xcassets */ = {isa = PBXFileReference; lastKnownFileType = folder.assetcatalog; path = Assets.xcassets; sourceTree = "<group>"; };
		04D12B0B2483B98D0040A95C /* Base */ = {isa = PBXFileReference; lastKnownFileType = file.storyboard; name = Base; path = Base.lproj/LaunchScreen.storyboard; sourceTree = "<group>"; };
		04D12B0D2483B98D0040A95C /* Info.plist */ = {isa = PBXFileReference; lastKnownFileType = text.plist.xml; path = Info.plist; sourceTree = "<group>"; };
		04D12B132483B9A70040A95C /* MainViewController.swift */ = {isa = PBXFileReference; fileEncoding = 4; lastKnownFileType = sourcecode.swift; path = MainViewController.swift; sourceTree = "<group>"; };
		04D12B142483B9A70040A95C /* InfoViewController.swift */ = {isa = PBXFileReference; fileEncoding = 4; lastKnownFileType = sourcecode.swift; path = InfoViewController.swift; sourceTree = "<group>"; };
		04D12B152483B9A70040A95C /* TabledContentCollectionViewDelegate.swift */ = {isa = PBXFileReference; fileEncoding = 4; lastKnownFileType = sourcecode.swift; path = TabledContentCollectionViewDelegate.swift; sourceTree = "<group>"; };
		04D12B162483B9A70040A95C /* DefaultCollectionViewDelegate.swift */ = {isa = PBXFileReference; fileEncoding = 4; lastKnownFileType = sourcecode.swift; path = DefaultCollectionViewDelegate.swift; sourceTree = "<group>"; };
		04D12B172483B9A70040A95C /* DefaultGriddedContentCollectionViewDelegate.swift */ = {isa = PBXFileReference; fileEncoding = 4; lastKnownFileType = sourcecode.swift; path = DefaultGriddedContentCollectionViewDelegate.swift; sourceTree = "<group>"; };
		04D12B182483B9A70040A95C /* ProfileCollectionViewCell.swift */ = {isa = PBXFileReference; fileEncoding = 4; lastKnownFileType = sourcecode.swift; path = ProfileCollectionViewCell.swift; sourceTree = "<group>"; };
		04D12B192483B9A70040A95C /* Animator.swift */ = {isa = PBXFileReference; fileEncoding = 4; lastKnownFileType = sourcecode.swift; path = Animator.swift; sourceTree = "<group>"; };
		04D12B232483B9D80040A95C /* ProfileCollectionViewCell.xib */ = {isa = PBXFileReference; fileEncoding = 4; lastKnownFileType = file.xib; path = ProfileCollectionViewCell.xib; sourceTree = "<group>"; };
		04D12B242483B9D80040A95C /* Main.storyboard */ = {isa = PBXFileReference; fileEncoding = 4; lastKnownFileType = file.storyboard; path = Main.storyboard; sourceTree = "<group>"; };
		04D12B282483B9FA0040A95C /* NamesData.swift */ = {isa = PBXFileReference; fileEncoding = 4; lastKnownFileType = sourcecode.swift; path = NamesData.swift; sourceTree = "<group>"; };
		04D12B292483B9FA0040A95C /* Profile.swift */ = {isa = PBXFileReference; fileEncoding = 4; lastKnownFileType = sourcecode.swift; path = Profile.swift; sourceTree = "<group>"; };
		04D12B2A2483B9FA0040A95C /* ProfilesProvider.swift */ = {isa = PBXFileReference; fileEncoding = 4; lastKnownFileType = sourcecode.swift; path = ProfilesProvider.swift; sourceTree = "<group>"; };
		04D12B2B2483B9FA0040A95C /* ProfileManager.swift */ = {isa = PBXFileReference; fileEncoding = 4; lastKnownFileType = sourcecode.swift; path = ProfileManager.swift; sourceTree = "<group>"; };
		04D12B2C2483B9FA0040A95C /* Extensions.swift */ = {isa = PBXFileReference; fileEncoding = 4; lastKnownFileType = sourcecode.swift; path = Extensions.swift; sourceTree = "<group>"; };
		04D12B2D2483B9FA0040A95C /* HashModel.swift */ = {isa = PBXFileReference; fileEncoding = 4; lastKnownFileType = sourcecode.swift; path = HashModel.swift; sourceTree = "<group>"; };
/* End PBXFileReference section */

/* Begin PBXFrameworksBuildPhase section */
		04D12AF92483B9870040A95C /* Frameworks */ = {
			isa = PBXFrameworksBuildPhase;
			buildActionMask = 2147483647;
			files = (
			);
			runOnlyForDeploymentPostprocessing = 0;
		};
/* End PBXFrameworksBuildPhase section */

/* Begin PBXGroup section */
		04D12AF32483B9870040A95C = {
			isa = PBXGroup;
			children = (
				04D12AFE2483B9870040A95C /* Readdle */,
				04D12AFD2483B9870040A95C /* Products */,
			);
			sourceTree = "<group>";
		};
		04D12AFD2483B9870040A95C /* Products */ = {
			isa = PBXGroup;
			children = (
				04D12AFC2483B9870040A95C /* Readdle.app */,
			);
			name = Products;
			sourceTree = "<group>";
		};
		04D12AFE2483B9870040A95C /* Readdle */ = {
			isa = PBXGroup;
			children = (
				04D12B342483BA080040A95C /* Supporting Files */,
				04D12B272483B9EC0040A95C /* Model */,
				04D12B222483B9C50040A95C /* View */,
				04D12B212483B9B30040A95C /* Controller */,
			);
			path = Readdle;
			sourceTree = "<group>";
		};
		04D12B212483B9B30040A95C /* Controller */ = {
			isa = PBXGroup;
			children = (
				04D12B192483B9A70040A95C /* Animator.swift */,
				04D12B162483B9A70040A95C /* DefaultCollectionViewDelegate.swift */,
				04D12B172483B9A70040A95C /* DefaultGriddedContentCollectionViewDelegate.swift */,
				04D12B142483B9A70040A95C /* InfoViewController.swift */,
				04D12B132483B9A70040A95C /* MainViewController.swift */,
				04D12B182483B9A70040A95C /* ProfileCollectionViewCell.swift */,
				04D12B152483B9A70040A95C /* TabledContentCollectionViewDelegate.swift */,
			);
			path = Controller;
			sourceTree = "<group>";
		};
		04D12B222483B9C50040A95C /* View */ = {
			isa = PBXGroup;
			children = (
				04D12B242483B9D80040A95C /* Main.storyboard */,
				04D12B232483B9D80040A95C /* ProfileCollectionViewCell.xib */,
			);
			path = View;
			sourceTree = "<group>";
		};
		04D12B272483B9EC0040A95C /* Model */ = {
			isa = PBXGroup;
			children = (
				04D12B2C2483B9FA0040A95C /* Extensions.swift */,
				04D12B2D2483B9FA0040A95C /* HashModel.swift */,
				04D12B282483B9FA0040A95C /* NamesData.swift */,
				04D12B292483B9FA0040A95C /* Profile.swift */,
				04D12B2B2483B9FA0040A95C /* ProfileManager.swift */,
				04D12B2A2483B9FA0040A95C /* ProfilesProvider.swift */,
			);
			path = Model;
			sourceTree = "<group>";
		};
		04D12B342483BA080040A95C /* Supporting Files */ = {
			isa = PBXGroup;
			children = (
				04D12AFF2483B9870040A95C /* AppDelegate.swift */,
				04D12B012483B9870040A95C /* SceneDelegate.swift */,
				04D12B082483B98D0040A95C /* Assets.xcassets */,
				04D12B0A2483B98D0040A95C /* LaunchScreen.storyboard */,
				04D12B0D2483B98D0040A95C /* Info.plist */,
			);
			path = "Supporting Files";
			sourceTree = "<group>";
		};
/* End PBXGroup section */

/* Begin PBXNativeTarget section */
		04D12AFB2483B9870040A95C /* Readdle */ = {
			isa = PBXNativeTarget;
			buildConfigurationList = 04D12B102483B98D0040A95C /* Build configuration list for PBXNativeTarget "Readdle" */;
			buildPhases = (
				04D12AF82483B9870040A95C /* Sources */,
				04D12AF92483B9870040A95C /* Frameworks */,
				04D12AFA2483B9870040A95C /* Resources */,
			);
			buildRules = (
			);
			dependencies = (
			);
			name = Readdle;
			productName = Readdle;
			productReference = 04D12AFC2483B9870040A95C /* Readdle.app */;
			productType = "com.apple.product-type.application";
		};
/* End PBXNativeTarget section */

/* Begin PBXProject section */
		04D12AF42483B9870040A95C /* Project object */ = {
			isa = PBXProject;
			attributes = {
				LastSwiftUpdateCheck = 1140;
				LastUpgradeCheck = 1140;
				ORGANIZATIONNAME = Vladimir;
				TargetAttributes = {
					04D12AFB2483B9870040A95C = {
						CreatedOnToolsVersion = 11.4;
					};
				};
			};
			buildConfigurationList = 04D12AF72483B9870040A95C /* Build configuration list for PBXProject "Readdle" */;
			compatibilityVersion = "Xcode 9.3";
			developmentRegion = en;
			hasScannedForEncodings = 0;
			knownRegions = (
				en,
				Base,
			);
			mainGroup = 04D12AF32483B9870040A95C;
			productRefGroup = 04D12AFD2483B9870040A95C /* Products */;
			projectDirPath = "";
			projectRoot = "";
			targets = (
				04D12AFB2483B9870040A95C /* Readdle */,
			);
		};
/* End PBXProject section */

/* Begin PBXResourcesBuildPhase section */
		04D12AFA2483B9870040A95C /* Resources */ = {
			isa = PBXResourcesBuildPhase;
			buildActionMask = 2147483647;
			files = (
				04D12B0C2483B98D0040A95C /* LaunchScreen.storyboard in Resources */,
				04D12B262483B9D80040A95C /* Main.storyboard in Resources */,
				04D12B092483B98D0040A95C /* Assets.xcassets in Resources */,
				04D12B252483B9D80040A95C /* ProfileCollectionViewCell.xib in Resources */,
			);
			runOnlyForDeploymentPostprocessing = 0;
		};
/* End PBXResourcesBuildPhase section */

/* Begin PBXSourcesBuildPhase section */
		04D12AF82483B9870040A95C /* Sources */ = {
			isa = PBXSourcesBuildPhase;
			buildActionMask = 2147483647;
			files = (
				04D12B302483B9FA0040A95C /* ProfilesProvider.swift in Sources */,
				04D12B202483B9A70040A95C /* Animator.swift in Sources */,
				04D12B1F2483B9A70040A95C /* ProfileCollectionViewCell.swift in Sources */,
				04D12B1E2483B9A70040A95C /* DefaultGriddedContentCollectionViewDelegate.swift in Sources */,
				04D12B1D2483B9A70040A95C /* DefaultCollectionViewDelegate.swift in Sources */,
				04D12B002483B9870040A95C /* AppDelegate.swift in Sources */,
				04D12B022483B9870040A95C /* SceneDelegate.swift in Sources */,
				04D12B2E2483B9FA0040A95C /* NamesData.swift in Sources */,
				04D12B1A2483B9A70040A95C /* MainViewController.swift in Sources */,
				04D12B2F2483B9FA0040A95C /* Profile.swift in Sources */,
				04D12B332483B9FA0040A95C /* HashModel.swift in Sources */,
				04D12B312483B9FA0040A95C /* ProfileManager.swift in Sources */,
				04D12B1B2483B9A70040A95C /* InfoViewController.swift in Sources */,
				04D12B1C2483B9A70040A95C /* TabledContentCollectionViewDelegate.swift in Sources */,
				04D12B322483B9FA0040A95C /* Extensions.swift in Sources */,
			);
			runOnlyForDeploymentPostprocessing = 0;
		};
/* End PBXSourcesBuildPhase section */

/* Begin PBXVariantGroup section */
		04D12B0A2483B98D0040A95C /* LaunchScreen.storyboard */ = {
			isa = PBXVariantGroup;
			children = (
				04D12B0B2483B98D0040A95C /* Base */,
			);
			name = LaunchScreen.storyboard;
			sourceTree = "<group>";
		};
/* End PBXVariantGroup section */

/* Begin XCBuildConfiguration section */
		04D12B0E2483B98D0040A95C /* Debug */ = {
			isa = XCBuildConfiguration;
			buildSettings = {
				ALWAYS_SEARCH_USER_PATHS = NO;
				CLANG_ANALYZER_NONNULL = YES;
				CLANG_ANALYZER_NUMBER_OBJECT_CONVERSION = YES_AGGRESSIVE;
				CLANG_CXX_LANGUAGE_STANDARD = "gnu++14";
				CLANG_CXX_LIBRARY = "libc++";
				CLANG_ENABLE_MODULES = YES;
				CLANG_ENABLE_OBJC_ARC = YES;
				CLANG_ENABLE_OBJC_WEAK = YES;
				CLANG_WARN_BLOCK_CAPTURE_AUTORELEASING = YES;
				CLANG_WARN_BOOL_CONVERSION = YES;
				CLANG_WARN_COMMA = YES;
				CLANG_WARN_CONSTANT_CONVERSION = YES;
				CLANG_WARN_DEPRECATED_OBJC_IMPLEMENTATIONS = YES;
				CLANG_WARN_DIRECT_OBJC_ISA_USAGE = YES_ERROR;
				CLANG_WARN_DOCUMENTATION_COMMENTS = YES;
				CLANG_WARN_EMPTY_BODY = YES;
				CLANG_WARN_ENUM_CONVERSION = YES;
				CLANG_WARN_INFINITE_RECURSION = YES;
				CLANG_WARN_INT_CONVERSION = YES;
				CLANG_WARN_NON_LITERAL_NULL_CONVERSION = YES;
				CLANG_WARN_OBJC_IMPLICIT_RETAIN_SELF = YES;
				CLANG_WARN_OBJC_LITERAL_CONVERSION = YES;
				CLANG_WARN_OBJC_ROOT_CLASS = YES_ERROR;
				CLANG_WARN_RANGE_LOOP_ANALYSIS = YES;
				CLANG_WARN_STRICT_PROTOTYPES = YES;
				CLANG_WARN_SUSPICIOUS_MOVE = YES;
				CLANG_WARN_UNGUARDED_AVAILABILITY = YES_AGGRESSIVE;
				CLANG_WARN_UNREACHABLE_CODE = YES;
				CLANG_WARN__DUPLICATE_METHOD_MATCH = YES;
				COPY_PHASE_STRIP = NO;
				DEBUG_INFORMATION_FORMAT = dwarf;
				ENABLE_STRICT_OBJC_MSGSEND = YES;
				ENABLE_TESTABILITY = YES;
				GCC_C_LANGUAGE_STANDARD = gnu11;
				GCC_DYNAMIC_NO_PIC = NO;
				GCC_NO_COMMON_BLOCKS = YES;
				GCC_OPTIMIZATION_LEVEL = 0;
				GCC_PREPROCESSOR_DEFINITIONS = (
					"DEBUG=1",
					"$(inherited)",
				);
				GCC_WARN_64_TO_32_BIT_CONVERSION = YES;
				GCC_WARN_ABOUT_RETURN_TYPE = YES_ERROR;
				GCC_WARN_UNDECLARED_SELECTOR = YES;
				GCC_WARN_UNINITIALIZED_AUTOS = YES_AGGRESSIVE;
				GCC_WARN_UNUSED_FUNCTION = YES;
				GCC_WARN_UNUSED_VARIABLE = YES;
				IPHONEOS_DEPLOYMENT_TARGET = 13.4;
				MTL_ENABLE_DEBUG_INFO = INCLUDE_SOURCE;
				MTL_FAST_MATH = YES;
				ONLY_ACTIVE_ARCH = YES;
				SDKROOT = iphoneos;
				SWIFT_ACTIVE_COMPILATION_CONDITIONS = DEBUG;
				SWIFT_OPTIMIZATION_LEVEL = "-Onone";
			};
			name = Debug;
		};
		04D12B0F2483B98D0040A95C /* Release */ = {
			isa = XCBuildConfiguration;
			buildSettings = {
				ALWAYS_SEARCH_USER_PATHS = NO;
				CLANG_ANALYZER_NONNULL = YES;
				CLANG_ANALYZER_NUMBER_OBJECT_CONVERSION = YES_AGGRESSIVE;
				CLANG_CXX_LANGUAGE_STANDARD = "gnu++14";
				CLANG_CXX_LIBRARY = "libc++";
				CLANG_ENABLE_MODULES = YES;
				CLANG_ENABLE_OBJC_ARC = YES;
				CLANG_ENABLE_OBJC_WEAK = YES;
				CLANG_WARN_BLOCK_CAPTURE_AUTORELEASING = YES;
				CLANG_WARN_BOOL_CONVERSION = YES;
				CLANG_WARN_COMMA = YES;
				CLANG_WARN_CONSTANT_CONVERSION = YES;
				CLANG_WARN_DEPRECATED_OBJC_IMPLEMENTATIONS = YES;
				CLANG_WARN_DIRECT_OBJC_ISA_USAGE = YES_ERROR;
				CLANG_WARN_DOCUMENTATION_COMMENTS = YES;
				CLANG_WARN_EMPTY_BODY = YES;
				CLANG_WARN_ENUM_CONVERSION = YES;
				CLANG_WARN_INFINITE_RECURSION = YES;
				CLANG_WARN_INT_CONVERSION = YES;
				CLANG_WARN_NON_LITERAL_NULL_CONVERSION = YES;
				CLANG_WARN_OBJC_IMPLICIT_RETAIN_SELF = YES;
				CLANG_WARN_OBJC_LITERAL_CONVERSION = YES;
				CLANG_WARN_OBJC_ROOT_CLASS = YES_ERROR;
				CLANG_WARN_RANGE_LOOP_ANALYSIS = YES;
				CLANG_WARN_STRICT_PROTOTYPES = YES;
				CLANG_WARN_SUSPICIOUS_MOVE = YES;
				CLANG_WARN_UNGUARDED_AVAILABILITY = YES_AGGRESSIVE;
				CLANG_WARN_UNREACHABLE_CODE = YES;
				CLANG_WARN__DUPLICATE_METHOD_MATCH = YES;
				COPY_PHASE_STRIP = NO;
				DEBUG_INFORMATION_FORMAT = "dwarf-with-dsym";
				ENABLE_NS_ASSERTIONS = NO;
				ENABLE_STRICT_OBJC_MSGSEND = YES;
				GCC_C_LANGUAGE_STANDARD = gnu11;
				GCC_NO_COMMON_BLOCKS = YES;
				GCC_WARN_64_TO_32_BIT_CONVERSION = YES;
				GCC_WARN_ABOUT_RETURN_TYPE = YES_ERROR;
				GCC_WARN_UNDECLARED_SELECTOR = YES;
				GCC_WARN_UNINITIALIZED_AUTOS = YES_AGGRESSIVE;
				GCC_WARN_UNUSED_FUNCTION = YES;
				GCC_WARN_UNUSED_VARIABLE = YES;
				IPHONEOS_DEPLOYMENT_TARGET = 13.4;
				MTL_ENABLE_DEBUG_INFO = NO;
				MTL_FAST_MATH = YES;
				SDKROOT = iphoneos;
				SWIFT_COMPILATION_MODE = wholemodule;
				SWIFT_OPTIMIZATION_LEVEL = "-O";
				VALIDATE_PRODUCT = YES;
			};
			name = Release;
		};
		04D12B112483B98D0040A95C /* Debug */ = {
			isa = XCBuildConfiguration;
			buildSettings = {
				ASSETCATALOG_COMPILER_APPICON_NAME = AppIcon;
				CODE_SIGN_STYLE = Automatic;
				DEVELOPMENT_TEAM = NHC644CF8X;
				INFOPLIST_FILE = "Readdle/Supporting Files/Info.plist";
				IPHONEOS_DEPLOYMENT_TARGET = 13.0;
				LD_RUNPATH_SEARCH_PATHS = (
					"$(inherited)",
					"@executable_path/Frameworks",
				);
				PRODUCT_BUNDLE_IDENTIFIER = com.vladimirdrozdin.Readdle;
				PRODUCT_NAME = "$(TARGET_NAME)";
				SWIFT_VERSION = 5.0;
				TARGETED_DEVICE_FAMILY = "1,2";
			};
			name = Debug;
		};
		04D12B122483B98D0040A95C /* Release */ = {
			isa = XCBuildConfiguration;
			buildSettings = {
				ASSETCATALOG_COMPILER_APPICON_NAME = AppIcon;
				CODE_SIGN_STYLE = Automatic;
				DEVELOPMENT_TEAM = NHC644CF8X;
				INFOPLIST_FILE = "Readdle/Supporting Files/Info.plist";
				IPHONEOS_DEPLOYMENT_TARGET = 13.0;
				LD_RUNPATH_SEARCH_PATHS = (
					"$(inherited)",
					"@executable_path/Frameworks",
				);
				PRODUCT_BUNDLE_IDENTIFIER = com.vladimirdrozdin.Readdle;
				PRODUCT_NAME = "$(TARGET_NAME)";
				SWIFT_VERSION = 5.0;
				TARGETED_DEVICE_FAMILY = "1,2";
			};
			name = Release;
		};
/* End XCBuildConfiguration section */

/* Begin XCConfigurationList section */
		04D12AF72483B9870040A95C /* Build configuration list for PBXProject "Readdle" */ = {
			isa = XCConfigurationList;
			buildConfigurations = (
				04D12B0E2483B98D0040A95C /* Debug */,
				04D12B0F2483B98D0040A95C /* Release */,
			);
			defaultConfigurationIsVisible = 0;
			defaultConfigurationName = Release;
		};
		04D12B102483B98D0040A95C /* Build configuration list for PBXNativeTarget "Readdle" */ = {
			isa = XCConfigurationList;
			buildConfigurations = (
				04D12B112483B98D0040A95C /* Debug */,
				04D12B122483B98D0040A95C /* Release */,
			);
			defaultConfigurationIsVisible = 0;
			defaultConfigurationName = Release;
		};
/* End XCConfigurationList section */
	};
	rootObject = 04D12AF42483B9870040A95C /* Project object */;
}
